
Microsoft Visual Studio Solution File, Format Version 12.00
# Visual Studio Version 17
VisualStudioVersion = 17.5.33424.131
MinimumVisualStudioVersion = 10.0.40219.1
Project("{FAE04EC0-301F-11D3-BF4B-00C04F79EFBC}") = "Todo_SeolheeKim", "Todo_SeolheeKim\Todo_SeolheeKim.csproj", "{1186FED5-8808-44B4-9F25-53210A128501}"
EndProject
Global
	GlobalSection(SolutionConfigurationPlatforms) = preSolution
		Debug|ARM = Debug|ARM
		Debug|ARM64 = Debug|ARM64
		Debug|x64 = Debug|x64
		Debug|x86 = Debug|x86
		Release|ARM = Release|ARM
		Release|ARM64 = Release|ARM64
		Release|x64 = Release|x64
		Release|x86 = Release|x86
	EndGlobalSection
	GlobalSection(ProjectConfigurationPlatforms) = postSolution
		{1186FED5-8808-44B4-9F25-53210A128501}.Debug|ARM.ActiveCfg = Debug|ARM
		{1186FED5-8808-44B4-9F25-53210A128501}.Debug|ARM.Build.0 = Debug|ARM
		{1186FED5-8808-44B4-9F25-53210A128501}.Debug|ARM.Deploy.0 = Debug|ARM
		{1186FED5-8808-44B4-9F25-53210A128501}.Debug|ARM64.ActiveCfg = Debug|ARM64
		{1186FED5-8808-44B4-9F25-53210A128501}.Debug|ARM64.Build.0 = Debug|ARM64
		{1186FED5-8808-44B4-9F25-53210A128501}.Debug|ARM64.Deploy.0 = Debug|ARM64
		{1186FED5-8808-44B4-9F25-53210A128501}.Debug|x64.ActiveCfg = Debug|x64
		{1186FED5-8808-44B4-9F25-53210A128501}.Debug|x64.Build.0 = Debug|x64
		{1186FED5-8808-44B4-9F25-53210A128501}.Debug|x64.Deploy.0 = Debug|x64
		{1186FED5-8808-44B4-9F25-53210A128501}.Debug|x86.ActiveCfg = Debug|x86
		{1186FED5-8808-44B4-9F25-53210A128501}.Debug|x86.Build.0 = Debug|x86
		{1186FED5-8808-44B4-9F25-53210A128501}.Debug|x86.Deploy.0 = Debug|x86
		{1186FED5-8808-44B4-9F25-53210A128501}.Release|ARM.ActiveCfg = Release|ARM
		{1186FED5-8808-44B4-9F25-53210A128501}.Release|ARM.Build.0 = Release|ARM
		{1186FED5-8808-44B4-9F25-53210A128501}.Release|ARM.Deploy.0 = Release|ARM
		{1186FED5-8808-44B4-9F25-53210A128501}.Release|ARM64.ActiveCfg = Release|ARM64
		{1186FED5-8808-44B4-9F25-53210A128501}.Release|ARM64.Build.0 = Release|ARM64
		{1186FED5-8808-44B4-9F25-53210A128501}.Release|ARM64.Deploy.0 = Release|ARM64
		{1186FED5-8808-44B4-9F25-53210A128501}.Release|x64.ActiveCfg = Release|x64
		{1186FED5-8808-44B4-9F25-53210A128501}.Release|x64.Build.0 = Release|x64
		{1186FED5-8808-44B4-9F25-53210A128501}.Release|x64.Deploy.0 = Release|x64
		{1186FED5-8808-44B4-9F25-53210A128501}.Release|x86.ActiveCfg = Release|x86
		{1186FED5-8808-44B4-9F25-53210A128501}.Release|x86.Build.0 = Release|x86
		{1186FED5-8808-44B4-9F25-53210A128501}.Release|x86.Deploy.0 = Release|x86
	EndGlobalSection
	GlobalSection(SolutionProperties) = preSolution
		HideSolutionNode = FALSE
	EndGlobalSection
	GlobalSection(ExtensibilityGlobals) = postSolution
		SolutionGuid = {5118D8F3-C374-4E47-B639-95D805E8E38B}
	EndGlobalSection
EndGlobal
